
Microsoft Visual Studio Solution File, Format Version 12.00
# Visual Studio Version 17
VisualStudioVersion = 17.1.32210.238
MinimumVisualStudioVersion = 10.0.40219.1
Project("{FAE04EC0-301F-11D3-BF4B-00C04F79EFBC}") = "DatatypesVariables", "DatatypesVariables\DatatypesVariables.csproj", "{41C00892-4842-40EB-BF8D-D0D287D72528}"
EndProject
Global
	GlobalSection(SolutionConfigurationPlatforms) = preSolution
		Debug|Any CPU = Debug|Any CPU
		Release|Any CPU = Release|Any CPU
	EndGlobalSection
	GlobalSection(ProjectConfigurationPlatforms) = postSolution
		{41C00892-4842-40EB-BF8D-D0D287D72528}.Debug|Any CPU.ActiveCfg = Debug|Any CPU
		{41C00892-4842-40EB-BF8D-D0D287D72528}.Debug|Any CPU.Build.0 = Debug|Any CPU
		{41C00892-4842-40EB-BF8D-D0D287D72528}.Release|Any CPU.ActiveCfg = Release|Any CPU
		{41C00892-4842-40EB-BF8D-D0D287D72528}.Release|Any CPU.Build.0 = Release|Any CPU
	EndGlobalSection
	GlobalSection(SolutionProperties) = preSolution
		HideSolutionNode = FALSE
	EndGlobalSection
	GlobalSection(ExtensibilityGlobals) = postSolution
		SolutionGuid = {51F3B0B7-92BE-47C0-9461-76170D36B679}
	EndGlobalSection
EndGlobal
