
Microsoft Visual Studio Solution File, Format Version 12.00
# Visual Studio Version 17
VisualStudioVersion = 17.1.32210.238
MinimumVisualStudioVersion = 10.0.40219.1
Project("{FAE04EC0-301F-11D3-BF4B-00C04F79EFBC}") = "Functies", "Functies\Functies.csproj", "{EAD34F8F-AD52-4AE4-ACC5-ECD24B356675}"
EndProject
Global
	GlobalSection(SolutionConfigurationPlatforms) = preSolution
		Debug|Any CPU = Debug|Any CPU
		Release|Any CPU = Release|Any CPU
	EndGlobalSection
	GlobalSection(ProjectConfigurationPlatforms) = postSolution
		{EAD34F8F-AD52-4AE4-ACC5-ECD24B356675}.Debug|Any CPU.ActiveCfg = Debug|Any CPU
		{EAD34F8F-AD52-4AE4-ACC5-ECD24B356675}.Debug|Any CPU.Build.0 = Debug|Any CPU
		{EAD34F8F-AD52-4AE4-ACC5-ECD24B356675}.Release|Any CPU.ActiveCfg = Release|Any CPU
		{EAD34F8F-AD52-4AE4-ACC5-ECD24B356675}.Release|Any CPU.Build.0 = Release|Any CPU
	EndGlobalSection
	GlobalSection(SolutionProperties) = preSolution
		HideSolutionNode = FALSE
	EndGlobalSection
	GlobalSection(ExtensibilityGlobals) = postSolution
		SolutionGuid = {EDBD7782-1283-413F-9CE5-D68EFEAA09DF}
	EndGlobalSection
EndGlobal
